
Microsoft Visual Studio Solution File, Format Version 12.00
# Visual Studio Version 16
VisualStudioVersion = 16.0.30611.23
MinimumVisualStudioVersion = 10.0.40219.1
Project("{FAE04EC0-301F-11D3-BF4B-00C04F79EFBC}") = "悬浮窗口1", "悬浮窗口1.csproj", "{354E726E-355B-4C71-BC7F-5BF178D8CBB1}"
EndProject
Global
	GlobalSection(SolutionConfigurationPlatforms) = preSolution
		Debug|Any CPU = Debug|Any CPU
		Release|Any CPU = Release|Any CPU
	EndGlobalSection
	GlobalSection(ProjectConfigurationPlatforms) = postSolution
		{354E726E-355B-4C71-BC7F-5BF178D8CBB1}.Debug|Any CPU.ActiveCfg = Debug|Any CPU
		{354E726E-355B-4C71-BC7F-5BF178D8CBB1}.Debug|Any CPU.Build.0 = Debug|Any CPU
		{354E726E-355B-4C71-BC7F-5BF178D8CBB1}.Release|Any CPU.ActiveCfg = Release|Any CPU
		{354E726E-355B-4C71-BC7F-5BF178D8CBB1}.Release|Any CPU.Build.0 = Release|Any CPU
	EndGlobalSection
	GlobalSection(SolutionProperties) = preSolution
		HideSolutionNode = FALSE
	EndGlobalSection
	GlobalSection(ExtensibilityGlobals) = postSolution
		SolutionGuid = {930A2131-B037-4E3F-A9E5-BD927199365F}
	EndGlobalSection
EndGlobal
